<?xml version="1.0" encoding="utf-8"?>
<Project ToolsVersion="4.0" xmlns="http://schemas.microsoft.com/developer/msbuild/2003">
  <ItemGroup>
    <Filter Include="File di origine">
      <UniqueIdentifier>{4FC737F1-C7A5-4376-A066-2A32D752A2FF}</UniqueIdentifier>
      <Extensions>cpp;c;cc;cxx;c++;cppm;ixx;def;odl;idl;hpj;bat;asm;asmx</Extensions>
    </Filter>
    <Filter Include="File di intestazione">
      <UniqueIdentifier>{93995380-89BD-4b04-88EB-625FBE52EBFB}</UniqueIdentifier>
      <Extensions>h;hh;hpp;hxx;h++;hm;inl;inc;ipp;xsd</Extensions>
    </Filter>
    <Filter Include="File di risorse">
      <UniqueIdentifier>{67DA6AB6-F800-4c08-8B7A-83BB121AAD01}</UniqueIdentifier>
      <Extensions>rc;ico;cur;bmp;dlg;rc2;rct;bin;rgs;gif;jpg;jpeg;jpe;resx;tiff;tif;png;wav;mfcribbon-ms</Extensions>
    </Filter>
    <Filter Include="File di intestazione\hooks">
      <UniqueIdentifier>{f00ec8c1-c641-48a1-b103-6bf07dbcf47d}</UniqueIdentifier>
    </Filter>
    <Filter Include="File di intestazione\graphics">
      <UniqueIdentifier>{0f23b8f9-af8b-4b6e-9660-f7a6d7049832}</UniqueIdentifier>
    </Filter>
    <Filter Include="File di intestazione\sdk">
      <UniqueIdentifier>{4b93921e-558e-4d5d-98e9-fb9a2a1e7c36}</UniqueIdentifier>
    </Filter>
    <Filter Include="File di intestazione\graphics\imgui">
      <UniqueIdentifier>{334421a7-57b0-4b5c-8d7a-d9568e30ade6}</UniqueIdentifier>
    </Filter>
  </ItemGroup>
  <ItemGroup>
    <ClCompile Include="dllmain.cpp">
      <Filter>File di origine</Filter>
    </ClCompile>
    <ClCompile Include="graphics\imgui.cpp">
      <Filter>File di intestazione\graphics\imgui</Filter>
    </ClCompile>
    <ClCompile Include="graphics\imgui_demo.cpp">
      <Filter>File di intestazione\graphics\imgui</Filter>
    </ClCompile>
    <ClCompile Include="graphics\imgui_draw.cpp">
      <Filter>File di intestazione\graphics\imgui</Filter>
    </ClCompile>
    <ClCompile Include="graphics\imgui_impl_dx11.cpp">
      <Filter>File di intestazione\graphics\imgui</Filter>
    </ClCompile>
    <ClCompile Include="graphics\imgui_impl_win32.cpp">
      <Filter>File di intestazione\graphics\imgui</Filter>
    </ClCompile>
    <ClCompile Include="graphics\imgui_widgets.cpp">
      <Filter>File di intestazione\graphics\imgui</Filter>
    </ClCompile>
  </ItemGroup>
  <ItemGroup>
    <ClInclude Include="core.h">
      <Filter>File di intestazione</Filter>
    </ClInclude>
    <ClInclude Include="memoryman.h">
      <Filter>File di intestazione</Filter>
    </ClInclude>
    <ClInclude Include="hooks.h">
      <Filter>File di intestazione</Filter>
    </ClInclude>
    <ClInclude Include="includes.h">
      <Filter>File di intestazione</Filter>
    </ClInclude>
    <ClInclude Include="graphics\drawing.h">
      <Filter>File di intestazione\graphics</Filter>
    </ClInclude>
    <ClInclude Include="hooks\present.h">
      <Filter>File di intestazione\hooks</Filter>
    </ClInclude>
    <ClInclude Include="hooks\reset.h">
      <Filter>File di intestazione\hooks</Filter>
    </ClInclude>
    <ClInclude Include="graphics\font.h">
      <Filter>File di intestazione\graphics</Filter>
    </ClInclude>
    <ClInclude Include="sdk\utils.h">
      <Filter>File di intestazione\sdk</Filter>
    </ClInclude>
    <ClInclude Include="xorstr.h">
      <Filter>File di intestazione</Filter>
    </ClInclude>
    <ClInclude Include="sdk\vec3.h">
      <Filter>File di intestazione\sdk</Filter>
    </ClInclude>
    <ClInclude Include="graphics\imconfig.h">
      <Filter>File di intestazione\graphics\imgui</Filter>
    </ClInclude>
    <ClInclude Include="graphics\imgui.h">
      <Filter>File di intestazione\graphics\imgui</Filter>
    </ClInclude>
    <ClInclude Include="graphics\imgui_impl_dx11.h">
      <Filter>File di intestazione\graphics\imgui</Filter>
    </ClInclude>
    <ClInclude Include="graphics\imgui_impl_win32.h">
      <Filter>File di intestazione\graphics\imgui</Filter>
    </ClInclude>
    <ClInclude Include="graphics\imgui_internal.h">
      <Filter>File di intestazione\graphics\imgui</Filter>
    </ClInclude>
    <ClInclude Include="graphics\imstb_rectpack.h">
      <Filter>File di intestazione\graphics\imgui</Filter>
    </ClInclude>
    <ClInclude Include="graphics\imstb_textedit.h">
      <Filter>File di intestazione\graphics\imgui</Filter>
    </ClInclude>
    <ClInclude Include="graphics\imstb_truetype.h">
      <Filter>File di intestazione\graphics\imgui</Filter>
    </ClInclude>
    <ClInclude Include="config.h">
      <Filter>File di intestazione</Filter>
    </ClInclude>
  </ItemGroup>
</Project>